
Microsoft Visual Studio Solution File, Format Version 12.00
# Visual Studio 15
VisualStudioVersion = 15.0.28010.2050
MinimumVisualStudioVersion = 10.0.40219.1
Project("{FAE04EC0-301F-11D3-BF4B-00C04F79EFBC}") = "G42.AesEncryption.Core", "AesEncryption.Core\G42.AesEncryption.Core.csproj", "{F176009E-8FCD-46B7-8B9F-0DB1C50AD8AD}"
EndProject
Project("{FAE04EC0-301F-11D3-BF4B-00C04F79EFBC}") = "G42.AesEncryption.Tests", "AesEncryption.Tests\G42.AesEncryption.Tests.csproj", "{2BAD0763-C873-4CE4-9205-B692929E17BD}"
EndProject
Global
	GlobalSection(SolutionConfigurationPlatforms) = preSolution
		Debug|Any CPU = Debug|Any CPU
		Release|Any CPU = Release|Any CPU
	EndGlobalSection
	GlobalSection(ProjectConfigurationPlatforms) = postSolution
		{F176009E-8FCD-46B7-8B9F-0DB1C50AD8AD}.Debug|Any CPU.ActiveCfg = Debug|Any CPU
		{F176009E-8FCD-46B7-8B9F-0DB1C50AD8AD}.Debug|Any CPU.Build.0 = Debug|Any CPU
		{F176009E-8FCD-46B7-8B9F-0DB1C50AD8AD}.Release|Any CPU.ActiveCfg = Release|Any CPU
		{F176009E-8FCD-46B7-8B9F-0DB1C50AD8AD}.Release|Any CPU.Build.0 = Release|Any CPU
		{2BAD0763-C873-4CE4-9205-B692929E17BD}.Debug|Any CPU.ActiveCfg = Debug|Any CPU
		{2BAD0763-C873-4CE4-9205-B692929E17BD}.Debug|Any CPU.Build.0 = Debug|Any CPU
		{2BAD0763-C873-4CE4-9205-B692929E17BD}.Release|Any CPU.ActiveCfg = Release|Any CPU
		{2BAD0763-C873-4CE4-9205-B692929E17BD}.Release|Any CPU.Build.0 = Release|Any CPU
	EndGlobalSection
	GlobalSection(SolutionProperties) = preSolution
		HideSolutionNode = FALSE
	EndGlobalSection
	GlobalSection(ExtensibilityGlobals) = postSolution
		SolutionGuid = {FD3806B6-564B-4B50-9BFB-EE6F3583EC4A}
	EndGlobalSection
EndGlobal
